
Microsoft Visual Studio Solution File, Format Version 12.00
# Visual Studio Version 17
VisualStudioVersion = 17.1.32210.238
MinimumVisualStudioVersion = 10.0.40219.1
Project("{9A19103F-16F7-4668-BE54-9A1E7A4F7556}") = "WebBiblioteca_Api", "WebBiblioteca_Api\WebBiblioteca_Api.csproj", "{C32921EA-EA6F-4DDF-B18B-C440E9DA1EDE}"
EndProject
Project("{FAE04EC0-301F-11D3-BF4B-00C04F79EFBC}") = "BibliotecaApiDLL", "BibliotecaApiDLL\BibliotecaApiDLL.csproj", "{E56BD327-BF51-40AE-82F5-1640BD28E007}"
EndProject
Global
	GlobalSection(SolutionConfigurationPlatforms) = preSolution
		Debug|Any CPU = Debug|Any CPU
		Release|Any CPU = Release|Any CPU
	EndGlobalSection
	GlobalSection(ProjectConfigurationPlatforms) = postSolution
		{C32921EA-EA6F-4DDF-B18B-C440E9DA1EDE}.Debug|Any CPU.ActiveCfg = Debug|Any CPU
		{C32921EA-EA6F-4DDF-B18B-C440E9DA1EDE}.Debug|Any CPU.Build.0 = Debug|Any CPU
		{C32921EA-EA6F-4DDF-B18B-C440E9DA1EDE}.Release|Any CPU.ActiveCfg = Release|Any CPU
		{C32921EA-EA6F-4DDF-B18B-C440E9DA1EDE}.Release|Any CPU.Build.0 = Release|Any CPU
		{E56BD327-BF51-40AE-82F5-1640BD28E007}.Debug|Any CPU.ActiveCfg = Debug|Any CPU
		{E56BD327-BF51-40AE-82F5-1640BD28E007}.Debug|Any CPU.Build.0 = Debug|Any CPU
		{E56BD327-BF51-40AE-82F5-1640BD28E007}.Release|Any CPU.ActiveCfg = Release|Any CPU
		{E56BD327-BF51-40AE-82F5-1640BD28E007}.Release|Any CPU.Build.0 = Release|Any CPU
	EndGlobalSection
	GlobalSection(SolutionProperties) = preSolution
		HideSolutionNode = FALSE
	EndGlobalSection
	GlobalSection(ExtensibilityGlobals) = postSolution
		SolutionGuid = {3472BD9A-C17D-41C3-AFF3-CE4799C6ECFF}
	EndGlobalSection
EndGlobal
